
Microsoft Visual Studio Solution File, Format Version 12.00
# Visual Studio Version 16
VisualStudioVersion = 16.0.29306.81
MinimumVisualStudioVersion = 10.0.40219.1
Project("{8BC9CEB8-8B4A-11D0-8D11-00A0C91BC942}") = "Matrix", "Matrix\Matrix.vcxproj", "{9D8AE6C1-2B19-4170-AAA0-BB31F418B83D}"
EndProject
Global
	GlobalSection(SolutionConfigurationPlatforms) = preSolution
		Debug|x64 = Debug|x64
		Debug|x86 = Debug|x86
		Release|x64 = Release|x64
		Release|x86 = Release|x86
	EndGlobalSection
	GlobalSection(ProjectConfigurationPlatforms) = postSolution
		{9D8AE6C1-2B19-4170-AAA0-BB31F418B83D}.Debug|x64.ActiveCfg = Debug|x64
		{9D8AE6C1-2B19-4170-AAA0-BB31F418B83D}.Debug|x64.Build.0 = Debug|x64
		{9D8AE6C1-2B19-4170-AAA0-BB31F418B83D}.Debug|x86.ActiveCfg = Debug|Win32
		{9D8AE6C1-2B19-4170-AAA0-BB31F418B83D}.Debug|x86.Build.0 = Debug|Win32
		{9D8AE6C1-2B19-4170-AAA0-BB31F418B83D}.Release|x64.ActiveCfg = Release|x64
		{9D8AE6C1-2B19-4170-AAA0-BB31F418B83D}.Release|x64.Build.0 = Release|x64
		{9D8AE6C1-2B19-4170-AAA0-BB31F418B83D}.Release|x86.ActiveCfg = Release|Win32
		{9D8AE6C1-2B19-4170-AAA0-BB31F418B83D}.Release|x86.Build.0 = Release|Win32
	EndGlobalSection
	GlobalSection(SolutionProperties) = preSolution
		HideSolutionNode = FALSE
	EndGlobalSection
	GlobalSection(ExtensibilityGlobals) = postSolution
		SolutionGuid = {E7E78544-8152-47D4-872B-89A758F74276}
	EndGlobalSection
EndGlobal
